
Microsoft Visual Studio Solution File, Format Version 12.00
# Visual Studio Version 17
VisualStudioVersion = 17.5.33414.496
MinimumVisualStudioVersion = 10.0.40219.1
Project("{FAE04EC0-301F-11D3-BF4B-00C04F79EFBC}") = "methods_exercise_3", "methods_exercise_3.csproj", "{50454298-9CFD-46EB-A7CE-544445E6B530}"
EndProject
Global
	GlobalSection(SolutionConfigurationPlatforms) = preSolution
		Debug|Any CPU = Debug|Any CPU
		Release|Any CPU = Release|Any CPU
	EndGlobalSection
	GlobalSection(ProjectConfigurationPlatforms) = postSolution
		{50454298-9CFD-46EB-A7CE-544445E6B530}.Debug|Any CPU.ActiveCfg = Debug|Any CPU
		{50454298-9CFD-46EB-A7CE-544445E6B530}.Debug|Any CPU.Build.0 = Debug|Any CPU
		{50454298-9CFD-46EB-A7CE-544445E6B530}.Release|Any CPU.ActiveCfg = Release|Any CPU
		{50454298-9CFD-46EB-A7CE-544445E6B530}.Release|Any CPU.Build.0 = Release|Any CPU
	EndGlobalSection
	GlobalSection(SolutionProperties) = preSolution
		HideSolutionNode = FALSE
	EndGlobalSection
	GlobalSection(ExtensibilityGlobals) = postSolution
		SolutionGuid = {F91A1421-F577-45FC-A06A-23947A98E49D}
	EndGlobalSection
EndGlobal
