
Microsoft Visual Studio Solution File, Format Version 12.00
# Visual Studio Version 17
VisualStudioVersion = 17.5.33414.496
MinimumVisualStudioVersion = 10.0.40219.1
Project("{FAE04EC0-301F-11D3-BF4B-00C04F79EFBC}") = "exam_preparation_2", "exam_preparation_2.csproj", "{220DB94E-BA8F-4B6B-800F-11B64C686F64}"
EndProject
Global
	GlobalSection(SolutionConfigurationPlatforms) = preSolution
		Debug|Any CPU = Debug|Any CPU
		Release|Any CPU = Release|Any CPU
	EndGlobalSection
	GlobalSection(ProjectConfigurationPlatforms) = postSolution
		{220DB94E-BA8F-4B6B-800F-11B64C686F64}.Debug|Any CPU.ActiveCfg = Debug|Any CPU
		{220DB94E-BA8F-4B6B-800F-11B64C686F64}.Debug|Any CPU.Build.0 = Debug|Any CPU
		{220DB94E-BA8F-4B6B-800F-11B64C686F64}.Release|Any CPU.ActiveCfg = Release|Any CPU
		{220DB94E-BA8F-4B6B-800F-11B64C686F64}.Release|Any CPU.Build.0 = Release|Any CPU
	EndGlobalSection
	GlobalSection(SolutionProperties) = preSolution
		HideSolutionNode = FALSE
	EndGlobalSection
	GlobalSection(ExtensibilityGlobals) = postSolution
		SolutionGuid = {60B3E459-7C9B-4285-A5A1-816E5BC4FD5B}
	EndGlobalSection
EndGlobal
