
Microsoft Visual Studio Solution File, Format Version 12.00
# Visual Studio Version 17
VisualStudioVersion = 17.5.33414.496
MinimumVisualStudioVersion = 10.0.40219.1
Project("{FAE04EC0-301F-11D3-BF4B-00C04F79EFBC}") = "Simple-calculator", "Simple-calculator.csproj", "{1B4E52E0-672F-48FA-963F-68988E2387EE}"
EndProject
Global
	GlobalSection(SolutionConfigurationPlatforms) = preSolution
		Debug|Any CPU = Debug|Any CPU
		Release|Any CPU = Release|Any CPU
	EndGlobalSection
	GlobalSection(ProjectConfigurationPlatforms) = postSolution
		{1B4E52E0-672F-48FA-963F-68988E2387EE}.Debug|Any CPU.ActiveCfg = Debug|Any CPU
		{1B4E52E0-672F-48FA-963F-68988E2387EE}.Debug|Any CPU.Build.0 = Debug|Any CPU
		{1B4E52E0-672F-48FA-963F-68988E2387EE}.Release|Any CPU.ActiveCfg = Release|Any CPU
		{1B4E52E0-672F-48FA-963F-68988E2387EE}.Release|Any CPU.Build.0 = Release|Any CPU
	EndGlobalSection
	GlobalSection(SolutionProperties) = preSolution
		HideSolutionNode = FALSE
	EndGlobalSection
	GlobalSection(ExtensibilityGlobals) = postSolution
		SolutionGuid = {B3C19BF0-1BE9-45C6-A0A7-982D5BC7D90C}
	EndGlobalSection
EndGlobal
