
Microsoft Visual Studio Solution File, Format Version 12.00
# Visual Studio Version 17
VisualStudioVersion = 17.5.33414.496
MinimumVisualStudioVersion = 10.0.40219.1
Project("{FAE04EC0-301F-11D3-BF4B-00C04F79EFBC}") = "Matrix_ 3", "Matrix_ 3.csproj", "{398D072F-E3D1-4D47-BCD9-A84FC096BCE4}"
EndProject
Global
	GlobalSection(SolutionConfigurationPlatforms) = preSolution
		Debug|Any CPU = Debug|Any CPU
		Release|Any CPU = Release|Any CPU
	EndGlobalSection
	GlobalSection(ProjectConfigurationPlatforms) = postSolution
		{398D072F-E3D1-4D47-BCD9-A84FC096BCE4}.Debug|Any CPU.ActiveCfg = Debug|Any CPU
		{398D072F-E3D1-4D47-BCD9-A84FC096BCE4}.Debug|Any CPU.Build.0 = Debug|Any CPU
		{398D072F-E3D1-4D47-BCD9-A84FC096BCE4}.Release|Any CPU.ActiveCfg = Release|Any CPU
		{398D072F-E3D1-4D47-BCD9-A84FC096BCE4}.Release|Any CPU.Build.0 = Release|Any CPU
	EndGlobalSection
	GlobalSection(SolutionProperties) = preSolution
		HideSolutionNode = FALSE
	EndGlobalSection
	GlobalSection(ExtensibilityGlobals) = postSolution
		SolutionGuid = {0524A4D7-AD2B-43F8-BF23-75F7868F10FB}
	EndGlobalSection
EndGlobal
