
Microsoft Visual Studio Solution File, Format Version 12.00
# Visual Studio Version 17
VisualStudioVersion = 17.5.33414.496
MinimumVisualStudioVersion = 10.0.40219.1
Project("{FAE04EC0-301F-11D3-BF4B-00C04F79EFBC}") = "lists_lab_3", "lists_lab_3.csproj", "{8CD603A4-5F55-4288-B632-3BDE892EC978}"
EndProject
Global
	GlobalSection(SolutionConfigurationPlatforms) = preSolution
		Debug|Any CPU = Debug|Any CPU
		Release|Any CPU = Release|Any CPU
	EndGlobalSection
	GlobalSection(ProjectConfigurationPlatforms) = postSolution
		{8CD603A4-5F55-4288-B632-3BDE892EC978}.Debug|Any CPU.ActiveCfg = Debug|Any CPU
		{8CD603A4-5F55-4288-B632-3BDE892EC978}.Debug|Any CPU.Build.0 = Debug|Any CPU
		{8CD603A4-5F55-4288-B632-3BDE892EC978}.Release|Any CPU.ActiveCfg = Release|Any CPU
		{8CD603A4-5F55-4288-B632-3BDE892EC978}.Release|Any CPU.Build.0 = Release|Any CPU
	EndGlobalSection
	GlobalSection(SolutionProperties) = preSolution
		HideSolutionNode = FALSE
	EndGlobalSection
	GlobalSection(ExtensibilityGlobals) = postSolution
		SolutionGuid = {318DCD03-B357-4FAF-8305-1449624AAD98}
	EndGlobalSection
EndGlobal
