
Microsoft Visual Studio Solution File, Format Version 12.00
# Visual Studio Version 17
VisualStudioVersion = 17.5.33414.496
MinimumVisualStudioVersion = 10.0.40219.1
Project("{FAE04EC0-301F-11D3-BF4B-00C04F79EFBC}") = "methods_exercise_4", "methods_exercise_4.csproj", "{327FA7C9-7885-4BE1-B8DF-86FD5086D885}"
EndProject
Global
	GlobalSection(SolutionConfigurationPlatforms) = preSolution
		Debug|Any CPU = Debug|Any CPU
		Release|Any CPU = Release|Any CPU
	EndGlobalSection
	GlobalSection(ProjectConfigurationPlatforms) = postSolution
		{327FA7C9-7885-4BE1-B8DF-86FD5086D885}.Debug|Any CPU.ActiveCfg = Debug|Any CPU
		{327FA7C9-7885-4BE1-B8DF-86FD5086D885}.Debug|Any CPU.Build.0 = Debug|Any CPU
		{327FA7C9-7885-4BE1-B8DF-86FD5086D885}.Release|Any CPU.ActiveCfg = Release|Any CPU
		{327FA7C9-7885-4BE1-B8DF-86FD5086D885}.Release|Any CPU.Build.0 = Release|Any CPU
	EndGlobalSection
	GlobalSection(SolutionProperties) = preSolution
		HideSolutionNode = FALSE
	EndGlobalSection
	GlobalSection(ExtensibilityGlobals) = postSolution
		SolutionGuid = {4EC42401-D24A-4DAF-9700-59F57918C8F2}
	EndGlobalSection
EndGlobal
