
Microsoft Visual Studio Solution File, Format Version 12.00
# Visual Studio Version 17
VisualStudioVersion = 17.5.33414.496
MinimumVisualStudioVersion = 10.0.40219.1
Project("{FAE04EC0-301F-11D3-BF4B-00C04F79EFBC}") = "calculation_app", "calculation_app.csproj", "{DA8642A3-1569-4726-B86D-AF33E5468952}"
EndProject
Global
	GlobalSection(SolutionConfigurationPlatforms) = preSolution
		Debug|Any CPU = Debug|Any CPU
		Release|Any CPU = Release|Any CPU
	EndGlobalSection
	GlobalSection(ProjectConfigurationPlatforms) = postSolution
		{DA8642A3-1569-4726-B86D-AF33E5468952}.Debug|Any CPU.ActiveCfg = Debug|Any CPU
		{DA8642A3-1569-4726-B86D-AF33E5468952}.Debug|Any CPU.Build.0 = Debug|Any CPU
		{DA8642A3-1569-4726-B86D-AF33E5468952}.Release|Any CPU.ActiveCfg = Release|Any CPU
		{DA8642A3-1569-4726-B86D-AF33E5468952}.Release|Any CPU.Build.0 = Release|Any CPU
	EndGlobalSection
	GlobalSection(SolutionProperties) = preSolution
		HideSolutionNode = FALSE
	EndGlobalSection
	GlobalSection(ExtensibilityGlobals) = postSolution
		SolutionGuid = {9B7F7711-CD6E-4444-A038-78A756B724F0}
	EndGlobalSection
EndGlobal
