
Microsoft Visual Studio Solution File, Format Version 12.00
# Visual Studio Version 17
VisualStudioVersion = 17.5.33414.496
MinimumVisualStudioVersion = 10.0.40219.1
Project("{FAE04EC0-301F-11D3-BF4B-00C04F79EFBC}") = "ConsoleApp4", "ConsoleApp4.csproj", "{3EC01336-9BD6-483C-8F55-67BE2FE6A94D}"
EndProject
Global
	GlobalSection(SolutionConfigurationPlatforms) = preSolution
		Debug|Any CPU = Debug|Any CPU
		Release|Any CPU = Release|Any CPU
	EndGlobalSection
	GlobalSection(ProjectConfigurationPlatforms) = postSolution
		{3EC01336-9BD6-483C-8F55-67BE2FE6A94D}.Debug|Any CPU.ActiveCfg = Debug|Any CPU
		{3EC01336-9BD6-483C-8F55-67BE2FE6A94D}.Debug|Any CPU.Build.0 = Debug|Any CPU
		{3EC01336-9BD6-483C-8F55-67BE2FE6A94D}.Release|Any CPU.ActiveCfg = Release|Any CPU
		{3EC01336-9BD6-483C-8F55-67BE2FE6A94D}.Release|Any CPU.Build.0 = Release|Any CPU
	EndGlobalSection
	GlobalSection(SolutionProperties) = preSolution
		HideSolutionNode = FALSE
	EndGlobalSection
	GlobalSection(ExtensibilityGlobals) = postSolution
		SolutionGuid = {8B0CB406-E433-4B32-881C-C09FD84B4A79}
	EndGlobalSection
EndGlobal
