
Microsoft Visual Studio Solution File, Format Version 12.00
# Visual Studio Version 17
VisualStudioVersion = 17.5.33414.496
MinimumVisualStudioVersion = 10.0.40219.1
Project("{FAE04EC0-301F-11D3-BF4B-00C04F79EFBC}") = "methods_exercise_9", "methods_exercise_9.csproj", "{DE782F68-36DA-44F8-AE0E-3681EEB3AB21}"
EndProject
Global
	GlobalSection(SolutionConfigurationPlatforms) = preSolution
		Debug|Any CPU = Debug|Any CPU
		Release|Any CPU = Release|Any CPU
	EndGlobalSection
	GlobalSection(ProjectConfigurationPlatforms) = postSolution
		{DE782F68-36DA-44F8-AE0E-3681EEB3AB21}.Debug|Any CPU.ActiveCfg = Debug|Any CPU
		{DE782F68-36DA-44F8-AE0E-3681EEB3AB21}.Debug|Any CPU.Build.0 = Debug|Any CPU
		{DE782F68-36DA-44F8-AE0E-3681EEB3AB21}.Release|Any CPU.ActiveCfg = Release|Any CPU
		{DE782F68-36DA-44F8-AE0E-3681EEB3AB21}.Release|Any CPU.Build.0 = Release|Any CPU
	EndGlobalSection
	GlobalSection(SolutionProperties) = preSolution
		HideSolutionNode = FALSE
	EndGlobalSection
	GlobalSection(ExtensibilityGlobals) = postSolution
		SolutionGuid = {FD672694-EB8F-4BA8-93D4-3DA875A1D6D8}
	EndGlobalSection
EndGlobal
